version: 2.0
shards:
  ameba:
    git: https://github.com/crystal-ameba/ameba.git
    version: 1.6.1

  backtracer:
    git: https://github.com/sija/backtracer.cr.git
    version: 1.2.2

  bson:
    git: https://github.com/elbywan/bson.cr.git
    version: 0.3.5

  coffee:
    git: https://github.com/636f7374/coffee.cr.git
    version: 0.1.1

  cryomongo:
    git: https://github.com/elbywan/cryomongo.git
    version: 0.3.11

  durian:
    git: https://github.com/636f7374/durian.cr.git
    version: 0.1.5

  dynfork:
    git: https://github.com/kebasyaty/dynfork.git
    version: 0.6.2

  exception_page:
    git: https://github.com/crystal-loot/exception_page.git
    version: 0.4.1

  i18n:
    git: https://github.com/crystal-i18n/i18n.git
    version: 0.2.1

  ipaddress:
    git: https://github.com/64726f70/ipaddress.cr.git
    version: 1.0.0

  kemal:
    git: https://github.com/kemalcr/kemal.git
    version: 1.5.0

  pluto:
    git: https://github.com/phenopolis/pluto.git
    version: 1.0.1

  prop:
    git: https://github.com/nicolab/crystal-prop.git
    version: 0.7.1

  radix:
    git: https://github.com/luislavena/radix.git
    version: 0.4.1

  stumpy_core:
    git: https://github.com/stumpycr/stumpy_core.git
    version: 1.9.1

  validator:
    git: https://github.com/nicolab/crystal-validator.git
    version: 1.11.0

  webslug:
    git: https://github.com/iomcr/webslug.git
    version: 0.1.1+git.commit.bb9f0fa7105f5528dd9b89e08f3294ca92ec4a88

  wrench:
    git: https://github.com/73686f77/wrench.cr.git
    version: 0.1.3

